
Microsoft Visual Studio Solution File, Format Version 12.00
# Visual Studio Version 17
VisualStudioVersion = 17.7.34031.279
MinimumVisualStudioVersion = 10.0.40219.1
Project("{FAE04EC0-301F-11D3-BF4B-00C04F79EFBC}") = "SerialMonitor", "SerialMonitor\SerialMonitor.csproj", "{4F1A3562-EA21-4A03-B24C-63BD9CE30074}"
EndProject
Global
	GlobalSection(SolutionConfigurationPlatforms) = preSolution
		Debug|Any CPU = Debug|Any CPU
		Release|Any CPU = Release|Any CPU
	EndGlobalSection
	GlobalSection(ProjectConfigurationPlatforms) = postSolution
		{4F1A3562-EA21-4A03-B24C-63BD9CE30074}.Debug|Any CPU.ActiveCfg = Debug|Any CPU
		{4F1A3562-EA21-4A03-B24C-63BD9CE30074}.Debug|Any CPU.Build.0 = Debug|Any CPU
		{4F1A3562-EA21-4A03-B24C-63BD9CE30074}.Release|Any CPU.ActiveCfg = Release|Any CPU
		{4F1A3562-EA21-4A03-B24C-63BD9CE30074}.Release|Any CPU.Build.0 = Release|Any CPU
	EndGlobalSection
	GlobalSection(SolutionProperties) = preSolution
		HideSolutionNode = FALSE
	EndGlobalSection
	GlobalSection(ExtensibilityGlobals) = postSolution
		SolutionGuid = {8373402A-D776-4EB2-B6D0-3B006377BB89}
	EndGlobalSection
EndGlobal
